// !$*UTF8*$!
{
	archiveVersion = 1;
	classes = {
	};
	objectVersion = 46;
	objects = {

/* Begin PBXBuildFile section */
		B6FBBB0420625FE9001217E8 /* AppDelegate.swift in Sources */ = {isa = PBXBuildFile; fileRef = B6FBBB0320625FE9001217E8 /* AppDelegate.swift */; };
		B6FBBB0620625FE9001217E8 /* ViewController.swift in Sources */ = {isa = PBXBuildFile; fileRef = B6FBBB0520625FE9001217E8 /* ViewController.swift */; };
		B6FBBB0920625FEA001217E8 /* Main.storyboard in Resources */ = {isa = PBXBuildFile; fileRef = B6FBBB0720625FEA001217E8 /* Main.storyboard */; };
		B6FBBB0B20625FEA001217E8 /* Assets.xcassets in Resources */ = {isa = PBXBuildFile; fileRef = B6FBBB0A20625FEA001217E8 /* Assets.xcassets */; };
		B6FBBB0E20625FEA001217E8 /* LaunchScreen.storyboard in Resources */ = {isa = PBXBuildFile; fileRef = B6FBBB0C20625FEA001217E8 /* LaunchScreen.storyboard */; };
/* End PBXBuildFile section */

/* Begin PBXFileReference section */
		B6FBBB0020625FE9001217E8 /* sdsd.app */ = {isa = PBXFileReference; explicitFileType = wrapper.application; includeInIndex = 0; path = sdsd.app; sourceTree = BUILT_PRODUCTS_DIR; };
		B6FBBB0320625FE9001217E8 /* AppDelegate.swift */ = {isa = PBXFileReference; lastKnownFileType = sourcecode.swift; path = AppDelegate.swift; sourceTree = "<group>"; };
		B6FBBB0520625FE9001217E8 /* ViewController.swift */ = {isa = PBXFileReference; lastKnownFileType = sourcecode.swift; path = ViewController.swift; sourceTree = "<group>"; };
		B6FBBB0820625FEA001217E8 /* Base */ = {isa = PBXFileReference; lastKnownFileType = file.storyboard; name = Base; path = Base.lproj/Main.storyboard; sourceTree = "<group>"; };
		B6FBBB0A20625FEA001217E8 /* Assets.xcassets */ = {isa = PBXFileReference; lastKnownFileType = folder.assetcatalog; path = Assets.xcassets; sourceTree = "<group>"; };
		B6FBBB0D20625FEA001217E8 /* Base */ = {isa = PBXFileReference; lastKnownFileType = file.storyboard; name = Base; path = Base.lproj/LaunchScreen.storyboard; sourceTree = "<group>"; };
		B6FBBB0F20625FEA001217E8 /* Info.plist */ = {isa = PBXFileReference; lastKnownFileType = text.plist.xml; path = Info.plist; sourceTree = "<group>"; };
/* End PBXFileReference section */

/* Begin PBXFrameworksBuildPhase section */
		B6FBBAFD20625FE9001217E8 /* Frameworks */ = {
			isa = PBXFrameworksBuildPhase;
			buildActionMask = 2147483647;
			files = (
			);
			runOnlyForDeploymentPostprocessing = 0;
		};
/* End PBXFrameworksBuildPhase section */

/* Begin PBXGroup section */
		B6FBBAF720625FE9001217E8 = {
			isa = PBXGroup;
			children = (
				B6FBBB0220625FE9001217E8 /* sdsd */,
				B6FBBB0120625FE9001217E8 /* Products */,
			);
			sourceTree = "<group>";
		};
		B6FBBB0120625FE9001217E8 /* Products */ = {
			isa = PBXGroup;
			children = (
				B6FBBB0020625FE9001217E8 /* sdsd.app */,
			);
			name = Products;
			sourceTree = "<group>";
		};
		B6FBBB0220625FE9001217E8 /* sdsd */ = {
			isa = PBXGroup;
			children = (
				B6FBBB0320625FE9001217E8 /* AppDelegate.swift */,
				B6FBBB0520625FE9001217E8 /* ViewController.swift */,
				B6FBBB0720625FEA001217E8 /* Main.storyboard */,
				B6FBBB0A20625FEA001217E8 /* Assets.xcassets */,
				B6FBBB0C20625FEA001217E8 /* LaunchScreen.storyboard */,
				B6FBBB0F20625FEA001217E8 /* Info.plist */,
			);
			path = sdsd;
			sourceTree = "<group>";
		};
/* End PBXGroup section */

/* Begin PBXNativeTarget section */
		B6FBBAFF20625FE9001217E8 /* sdsd */ = {
			isa = PBXNativeTarget;
			buildConfigurationList = B6FBBB1220625FEA001217E8 /* Build configuration list for PBXNativeTarget "sdsd" */;
			buildPhases = (
				B6FBBAFC20625FE9001217E8 /* Sources */,
				B6FBBAFD20625FE9001217E8 /* Frameworks */,
				B6FBBAFE20625FE9001217E8 /* Resources */,
			);
			buildRules = (
			);
			dependencies = (
			);
			name = sdsd;
			productName = sdsd;
			productReference = B6FBBB0020625FE9001217E8 /* sdsd.app */;
			productType = "com.apple.product-type.application";
		};
/* End PBXNativeTarget section */

/* Begin PBXProject section */
		B6FBBAF820625FE9001217E8 /* Project object */ = {
			isa = PBXProject;
			attributes = {
				LastSwiftUpdateCheck = 0810;
				LastUpgradeCheck = 0810;
				ORGANIZATIONNAME = com.AmitSoftware;
				TargetAttributes = {
					B6FBBAFF20625FE9001217E8 = {
						CreatedOnToolsVersion = 8.1;
						ProvisioningStyle = Automatic;
					};
				};
			};
			buildConfigurationList = B6FBBAFB20625FE9001217E8 /* Build configuration list for PBXProject "sdsd" */;
			compatibilityVersion = "Xcode 3.2";
			developmentRegion = English;
			hasScannedForEncodings = 0;
			knownRegions = (
				en,
				Base,
			);
			mainGroup = B6FBBAF720625FE9001217E8;
			productRefGroup = B6FBBB0120625FE9001217E8 /* Products */;
			projectDirPath = "";
			projectRoot = "";
			targets = (
				B6FBBAFF20625FE9001217E8 /* sdsd */,
			);
		};
/* End PBXProject section */

/* Begin PBXResourcesBuildPhase section */
		B6FBBAFE20625FE9001217E8 /* Resources */ = {
			isa = PBXResourcesBuildPhase;
			buildActionMask = 2147483647;
			files = (
				B6FBBB0E20625FEA001217E8 /* LaunchScreen.storyboard in Resources */,
				B6FBBB0B20625FEA001217E8 /* Assets.xcassets in Resources */,
				B6FBBB0920625FEA001217E8 /* Main.storyboard in Resources */,
			);
			runOnlyForDeploymentPostprocessing = 0;
		};
/* End PBXResourcesBuildPhase section */

/* Begin PBXSourcesBuildPhase section */
		B6FBBAFC20625FE9001217E8 /* Sources */ = {
			isa = PBXSourcesBuildPhase;
			buildActionMask = 2147483647;
			files = (
				B6FBBB0620625FE9001217E8 /* ViewController.swift in Sources */,
				B6FBBB0420625FE9001217E8 /* AppDelegate.swift in Sources */,
			);
			runOnlyForDeploymentPostprocessing = 0;
		};
/* End PBXSourcesBuildPhase section */

/* Begin PBXVariantGroup section */
		B6FBBB0720625FEA001217E8 /* Main.storyboard */ = {
			isa = PBXVariantGroup;
			children = (
				B6FBBB0820625FEA001217E8 /* Base */,
			);
			name = Main.storyboard;
			sourceTree = "<group>";
		};
		B6FBBB0C20625FEA001217E8 /* LaunchScreen.storyboard */ = {
			isa = PBXVariantGroup;
			children = (
				B6FBBB0D20625FEA001217E8 /* Base */,
			);
			name = LaunchScreen.storyboard;
			sourceTree = "<group>";
		};
/* End PBXVariantGroup section */

/* Begin XCBuildConfiguration section */
		B6FBBB1020625FEA001217E8 /* Debug */ = {
			isa = XCBuildConfiguration;
			buildSettings = {
				ALWAYS_SEARCH_USER_PATHS = NO;
				CLANG_ANALYZER_NONNULL = YES;
				CLANG_CXX_LANGUAGE_STANDARD = "gnu++0x";
				CLANG_CXX_LIBRARY = "libc++";
				CLANG_ENABLE_MODULES = YES;
				CLANG_ENABLE_OBJC_ARC = YES;
				CLANG_WARN_BOOL_CONVERSION = YES;
				CLANG_WARN_CONSTANT_CONVERSION = YES;
				CLANG_WARN_DIRECT_OBJC_ISA_USAGE = YES_ERROR;
				CLANG_WARN_DOCUMENTATION_COMMENTS = YES;
				CLANG_WARN_EMPTY_BODY = YES;
				CLANG_WARN_ENUM_CONVERSION = YES;
				CLANG_WARN_INFINITE_RECURSION = YES;
				CLANG_WARN_INT_CONVERSION = YES;
				CLANG_WARN_OBJC_ROOT_CLASS = YES_ERROR;
				CLANG_WARN_SUSPICIOUS_MOVES = YES;
				CLANG_WARN_UNREACHABLE_CODE = YES;
				CLANG_WARN__DUPLICATE_METHOD_MATCH = YES;
				"CODE_SIGN_IDENTITY[sdk=iphoneos*]" = "iPhone Developer";
				COPY_PHASE_STRIP = NO;
				DEBUG_INFORMATION_FORMAT = dwarf;
				ENABLE_STRICT_OBJC_MSGSEND = YES;
				ENABLE_TESTABILITY = YES;
				GCC_C_LANGUAGE_STANDARD = gnu99;
				GCC_DYNAMIC_NO_PIC = NO;
				GCC_NO_COMMON_BLOCKS = YES;
				GCC_OPTIMIZATION_LEVEL = 0;
				GCC_PREPROCESSOR_DEFINITIONS = (
					"DEBUG=1",
					"$(inherited)",
				);
				GCC_WARN_64_TO_32_BIT_CONVERSION = YES;
				GCC_WARN_ABOUT_RETURN_TYPE = YES_ERROR;
				GCC_WARN_UNDECLARED_SELECTOR = YES;
				GCC_WARN_UNINITIALIZED_AUTOS = YES_AGGRESSIVE;
				GCC_WARN_UNUSED_FUNCTION = YES;
				GCC_WARN_UNUSED_VARIABLE = YES;
				IPHONEOS_DEPLOYMENT_TARGET = 10.1;
				MTL_ENABLE_DEBUG_INFO = YES;
				ONLY_ACTIVE_ARCH = YES;
				SDKROOT = iphoneos;
				SWIFT_ACTIVE_COMPILATION_CONDITIONS = DEBUG;
				SWIFT_OPTIMIZATION_LEVEL = "-Onone";
				TARGETED_DEVICE_FAMILY = "1,2";
			};
			name = Debug;
		};
		B6FBBB1120625FEA001217E8 /* Release */ = {
			isa = XCBuildConfiguration;
			buildSettings = {
				ALWAYS_SEARCH_USER_PATHS = NO;
				CLANG_ANALYZER_NONNULL = YES;
				CLANG_CXX_LANGUAGE_STANDARD = "gnu++0x";
				CLANG_CXX_LIBRARY = "libc++";
				CLANG_ENABLE_MODULES = YES;
				CLANG_ENABLE_OBJC_ARC = YES;
				CLANG_WARN_BOOL_CONVERSION = YES;
				CLANG_WARN_CONSTANT_CONVERSION = YES;
				CLANG_WARN_DIRECT_OBJC_ISA_USAGE = YES_ERROR;
				CLANG_WARN_DOCUMENTATION_COMMENTS = YES;
				CLANG_WARN_EMPTY_BODY = YES;
				CLANG_WARN_ENUM_CONVERSION = YES;
				CLANG_WARN_INFINITE_RECURSION = YES;
				CLANG_WARN_INT_CONVERSION = YES;
				CLANG_WARN_OBJC_ROOT_CLASS = YES_ERROR;
				CLANG_WARN_SUSPICIOUS_MOVES = YES;
				CLANG_WARN_UNREACHABLE_CODE = YES;
				CLANG_WARN__DUPLICATE_METHOD_MATCH = YES;
				"CODE_SIGN_IDENTITY[sdk=iphoneos*]" = "iPhone Developer";
				COPY_PHASE_STRIP = NO;
				DEBUG_INFORMATION_FORMAT = "dwarf-with-dsym";
				ENABLE_NS_ASSERTIONS = NO;
				ENABLE_STRICT_OBJC_MSGSEND = YES;
				GCC_C_LANGUAGE_STANDARD = gnu99;
				GCC_NO_COMMON_BLOCKS = YES;
				GCC_WARN_64_TO_32_BIT_CONVERSION = YES;
				GCC_WARN_ABOUT_RETURN_TYPE = YES_ERROR;
				GCC_WARN_UNDECLARED_SELECTOR = YES;
				GCC_WARN_UNINITIALIZED_AUTOS = YES_AGGRESSIVE;
				GCC_WARN_UNUSED_FUNCTION = YES;
				GCC_WARN_UNUSED_VARIABLE = YES;
				IPHONEOS_DEPLOYMENT_TARGET = 10.1;
				MTL_ENABLE_DEBUG_INFO = NO;
				SDKROOT = iphoneos;
				SWIFT_OPTIMIZATION_LEVEL = "-Owholemodule";
				TARGETED_DEVICE_FAMILY = "1,2";
				VALIDATE_PRODUCT = YES;
			};
			name = Release;
		};
		B6FBBB1320625FEA001217E8 /* Debug */ = {
			isa = XCBuildConfiguration;
			buildSettings = {
				ASSETCATALOG_COMPILER_APPICON_NAME = AppIcon;
				INFOPLIST_FILE = sdsd/Info.plist;
				LD_RUNPATH_SEARCH_PATHS = "$(inherited) @executable_path/Frameworks";
				PRODUCT_BUNDLE_IDENTIFIER = TestTest.sdsd;
				PRODUCT_NAME = "$(TARGET_NAME)";
				SWIFT_VERSION = 3.0;
			};
			name = Debug;
		};
		B6FBBB1420625FEA001217E8 /* Release */ = {
			isa = XCBuildConfiguration;
			buildSettings = {
				ASSETCATALOG_COMPILER_APPICON_NAME = AppIcon;
				INFOPLIST_FILE = sdsd/Info.plist;
				LD_RUNPATH_SEARCH_PATHS = "$(inherited) @executable_path/Frameworks";
				PRODUCT_BUNDLE_IDENTIFIER = TestTest.sdsd;
				PRODUCT_NAME = "$(TARGET_NAME)";
				SWIFT_VERSION = 3.0;
			};
			name = Release;
		};
/* End XCBuildConfiguration section */

/* Begin XCConfigurationList section */
		B6FBBAFB20625FE9001217E8 /* Build configuration list for PBXProject "sdsd" */ = {
			isa = XCConfigurationList;
			buildConfigurations = (
				B6FBBB1020625FEA001217E8 /* Debug */,
				B6FBBB1120625FEA001217E8 /* Release */,
			);
			defaultConfigurationIsVisible = 0;
			defaultConfigurationName = Release;
		};
		B6FBBB1220625FEA001217E8 /* Build configuration list for PBXNativeTarget "sdsd" */ = {
			isa = XCConfigurationList;
			buildConfigurations = (
				B6FBBB1320625FEA001217E8 /* Debug */,
				B6FBBB1420625FEA001217E8 /* Release */,
			);
			defaultConfigurationIsVisible = 0;
		};
/* End XCConfigurationList section */
	};
	rootObject = B6FBBAF820625FE9001217E8 /* Project object */;
}
